# THIS IS AN AUTOGENERATED FILE. DO NOT EDIT THIS FILE DIRECTLY.
# yarn lockfile v1


"@faker-js/faker@^7.3.0":
  version "7.3.0"
  resolved "https://registry.yarnpkg.com/@faker-js/faker/-/faker-7.3.0.tgz#a508df35ded585c4e071cb5d9d7c89623c837fae"
  integrity sha512-1W0PZezq2rxlAssoWemi9gFRD8IQxvf0FPL5Km3TOmGHFG7ib0TbFBJ0yC7D/1NsxunjNTK6WjUXV8ao/mKZ5w==
